
Microsoft Visual Studio Solution File, Format Version 12.00
# Visual Studio Version 17
VisualStudioVersion = 17.5.33516.290
MinimumVisualStudioVersion = 10.0.40219.1
Project("{FAE04EC0-301F-11D3-BF4B-00C04F79EFBC}") = "Game_Menedger1", "Game_Menedger1\Game_Menedger1.csproj", "{8225176B-6BBE-4D3F-A835-4BD22D796351}"
EndProject
Global
	GlobalSection(SolutionConfigurationPlatforms) = preSolution
		Debug|Any CPU = Debug|Any CPU
		Release|Any CPU = Release|Any CPU
	EndGlobalSection
	GlobalSection(ProjectConfigurationPlatforms) = postSolution
		{8225176B-6BBE-4D3F-A835-4BD22D796351}.Debug|Any CPU.ActiveCfg = Debug|Any CPU
		{8225176B-6BBE-4D3F-A835-4BD22D796351}.Debug|Any CPU.Build.0 = Debug|Any CPU
		{8225176B-6BBE-4D3F-A835-4BD22D796351}.Release|Any CPU.ActiveCfg = Release|Any CPU
		{8225176B-6BBE-4D3F-A835-4BD22D796351}.Release|Any CPU.Build.0 = Release|Any CPU
	EndGlobalSection
	GlobalSection(SolutionProperties) = preSolution
		HideSolutionNode = FALSE
	EndGlobalSection
	GlobalSection(ExtensibilityGlobals) = postSolution
		SolutionGuid = {616BB387-6F7D-403F-9ED2-0850D6273B49}
	EndGlobalSection
EndGlobal
